
Microsoft Visual Studio Solution File, Format Version 12.00
# Visual Studio Version 17
VisualStudioVersion = 17.7.34202.233
MinimumVisualStudioVersion = 10.0.40219.1
Project("{9A19103F-16F7-4668-BE54-9A1E7A4F7556}") = "RateMyProfessorsStatic", "RateMyProfessorsStatic.csproj", "{F50A31BF-32B9-4BD3-BF19-9BC307D0781C}"
EndProject
Global
	GlobalSection(SolutionConfigurationPlatforms) = preSolution
		Debug|Any CPU = Debug|Any CPU
		Release|Any CPU = Release|Any CPU
	EndGlobalSection
	GlobalSection(ProjectConfigurationPlatforms) = postSolution
		{F50A31BF-32B9-4BD3-BF19-9BC307D0781C}.Debug|Any CPU.ActiveCfg = Debug|Any CPU
		{F50A31BF-32B9-4BD3-BF19-9BC307D0781C}.Debug|Any CPU.Build.0 = Debug|Any CPU
		{F50A31BF-32B9-4BD3-BF19-9BC307D0781C}.Release|Any CPU.ActiveCfg = Release|Any CPU
		{F50A31BF-32B9-4BD3-BF19-9BC307D0781C}.Release|Any CPU.Build.0 = Release|Any CPU
	EndGlobalSection
	GlobalSection(SolutionProperties) = preSolution
		HideSolutionNode = FALSE
	EndGlobalSection
	GlobalSection(ExtensibilityGlobals) = postSolution
		SolutionGuid = {7D412AFD-61D2-4892-BD1D-6BC6B3C0A29E}
	EndGlobalSection
EndGlobal
